{
  "version": 4,
  "terraform_version": "1.14.3",
  "serial": 9,
  "lineage": "82ec24f2-9410-5a41-e40f-b0b3ba08f8ea",
  "outputs": {},
  "resources": [
    {
      "module": "module.machines",
      "mode": "managed",
      "type": "azurerm_linux_virtual_machine",
      "name": "appvm",
      "provider": "provider[\"registry.terraform.io/hashicorp/azurerm\"]",
      "instances": [
        {
          "index_key": 0,
          "schema_version": 0,
          "attributes": {
            "additional_capabilities": [],
            "admin_password": "Azure@123",
            "admin_ssh_key": [],
            "admin_username": "linuxadmin",
            "allow_extension_operations": true,
            "availability_set_id": "",
            "boot_diagnostics": [],
            "bypass_platform_safety_checks_on_user_schedule_enabled": false,
            "capacity_reservation_group_id": "",
            "computer_name": "webvm01",
            "custom_data": null,
            "dedicated_host_group_id": "",
            "dedicated_host_id": "",
            "disable_password_authentication": false,
            "disk_controller_type": "",
            "edge_zone": "",
            "encryption_at_host_enabled": false,
            "eviction_policy": "",
            "extensions_time_budget": "PT1H30M",
            "gallery_application": [],
            "id": "/subscriptions/152083b0-ecca-4607-aaca-3628aec248d3/resourceGroups/dev-grp/providers/Microsoft.Compute/virtualMachines/webvm01",
            "identity": [],
            "license_type": "",
            "location": "northeurope",
            "max_bid_price": -1,
            "name": "webvm01",
            "network_interface_ids": [
              "/subscriptions/152083b0-ecca-4607-aaca-3628aec248d3/resourceGroups/dev-grp/providers/Microsoft.Network/networkInterfaces/interface-01"
            ],
            "os_disk": [
              {
                "caching": "ReadWrite",
                "diff_disk_settings": [],
                "disk_encryption_set_id": "",
                "disk_size_gb": 30,
                "id": "/subscriptions/152083b0-ecca-4607-aaca-3628aec248d3/resourceGroups/dev-grp/providers/Microsoft.Compute/disks/webvm01_disk1_c2ad68d2e32b4f05bb183559259352b9",
                "name": "webvm01_disk1_c2ad68d2e32b4f05bb183559259352b9",
                "secure_vm_disk_encryption_set_id": "",
                "security_encryption_type": "",
                "storage_account_type": "Standard_LRS",
                "write_accelerator_enabled": false
              }
            ],
            "os_image_notification": [],
            "os_managed_disk_id": "/subscriptions/152083b0-ecca-4607-aaca-3628aec248d3/resourceGroups/dev-grp/providers/Microsoft.Compute/disks/webvm01_disk1_c2ad68d2e32b4f05bb183559259352b9",
            "patch_assessment_mode": "ImageDefault",
            "patch_mode": "ImageDefault",
            "plan": [],
            "platform_fault_domain": -1,
            "priority": "Regular",
            "private_ip_address": "10.0.0.4",
            "private_ip_addresses": [
              "10.0.0.4"
            ],
            "provision_vm_agent": true,
            "proximity_placement_group_id": "",
            "public_ip_address": "168.63.64.163",
            "public_ip_addresses": [
              "168.63.64.163"
            ],
            "reboot_setting": "",
            "resource_group_name": "dev-grp",
            "secret": [],
            "secure_boot_enabled": false,
            "size": "Standard_D2s_v3",
            "source_image_id": "",
            "source_image_reference": [
              {
                "offer": "0001-com-ubuntu-server-jammy",
                "publisher": "Canonical",
                "sku": "22_04-lts",
                "version": "latest"
              }
            ],
            "tags": null,
            "termination_notification": null,
            "timeouts": null,
            "user_data": "",
            "virtual_machine_id": "0dc20a09-dfb6-406c-9d7e-2211ed6d8091",
            "virtual_machine_scale_set_id": "",
            "vm_agent_platform_updates_enabled": false,
            "vtpm_enabled": false,
            "zone": ""
          },
          "sensitive_attributes": [
            [
              {
                "type": "get_attr",
                "value": "admin_password"
              }
            ],
            [
              {
                "type": "get_attr",
                "value": "custom_data"
              }
            ]
          ],
          "identity_schema_version": 0,
          "private": "eyJlMmJmYjczMC1lY2FhLTExZTYtOGY4OC0zNDM2M2JjN2M0YzAiOnsiY3JlYXRlIjoyNzAwMDAwMDAwMDAwLCJkZWxldGUiOjI3MDAwMDAwMDAwMDAsInJlYWQiOjMwMDAwMDAwMDAwMCwidXBkYXRlIjoyNzAwMDAwMDAwMDAwfX0=",
          "dependencies": [
            "module.network.azurerm_network_interface.network_interfaces",
            "module.network.azurerm_public_ip.public_ipaddress",
            "module.network.azurerm_subnet.network_subnets",
            "module.network.azurerm_virtual_network.virtual_network",
            "module.resource-group.azurerm_resource_group.appgrp"
          ]
        }
      ]
    },
    {
      "module": "module.network",
      "mode": "managed",
      "type": "azurerm_network_interface",
      "name": "network_interfaces",
      "provider": "provider[\"registry.terraform.io/hashicorp/azurerm\"]",
      "instances": [
        {
          "index_key": 0,
          "schema_version": 0,
          "attributes": {
            "accelerated_networking_enabled": false,
            "applied_dns_servers": [],
            "auxiliary_mode": "",
            "auxiliary_sku": "",
            "dns_servers": null,
            "edge_zone": "",
            "id": "/subscriptions/152083b0-ecca-4607-aaca-3628aec248d3/resourceGroups/dev-grp/providers/Microsoft.Network/networkInterfaces/interface-01",
            "internal_dns_name_label": "",
            "internal_domain_name_suffix": "vyiom4qiwrmunarkodmolhpoxh.fx.internal.cloudapp.net",
            "ip_configuration": [
              {
                "gateway_load_balancer_frontend_ip_configuration_id": "",
                "name": "internal",
                "primary": true,
                "private_ip_address": "10.0.0.4",
                "private_ip_address_allocation": "Dynamic",
                "private_ip_address_version": "IPv4",
                "public_ip_address_id": "/subscriptions/152083b0-ecca-4607-aaca-3628aec248d3/resourceGroups/dev-grp/providers/Microsoft.Network/publicIPAddresses/public-ip01",
                "subnet_id": "/subscriptions/152083b0-ecca-4607-aaca-3628aec248d3/resourceGroups/dev-grp/providers/Microsoft.Network/virtualNetworks/dev-network/subnets/subnet0"
              }
            ],
            "ip_forwarding_enabled": false,
            "location": "northeurope",
            "mac_address": "",
            "name": "interface-01",
            "private_ip_address": "10.0.0.4",
            "private_ip_addresses": [
              "10.0.0.4"
            ],
            "resource_group_name": "dev-grp",
            "tags": null,
            "timeouts": null,
            "virtual_machine_id": ""
          },
          "sensitive_attributes": [],
          "identity_schema_version": 0,
          "identity": {
            "name": "interface-01",
            "resource_group_name": "dev-grp",
            "subscription_id": "152083b0-ecca-4607-aaca-3628aec248d3"
          },
          "private": "eyJlMmJmYjczMC1lY2FhLTExZTYtOGY4OC0zNDM2M2JjN2M0YzAiOnsiY3JlYXRlIjoxODAwMDAwMDAwMDAwLCJkZWxldGUiOjE4MDAwMDAwMDAwMDAsInJlYWQiOjMwMDAwMDAwMDAwMCwidXBkYXRlIjoxODAwMDAwMDAwMDAwfX0=",
          "dependencies": [
            "module.network.azurerm_public_ip.public_ipaddress",
            "module.network.azurerm_subnet.network_subnets",
            "module.network.azurerm_virtual_network.virtual_network",
            "module.resource-group.azurerm_resource_group.appgrp"
          ]
        }
      ]
    },
    {
      "module": "module.network",
      "mode": "managed",
      "type": "azurerm_network_security_group",
      "name": "network_security_group",
      "provider": "provider[\"registry.terraform.io/hashicorp/azurerm\"]",
      "instances": [
        {
          "schema_version": 0,
          "attributes": {
            "id": "/subscriptions/152083b0-ecca-4607-aaca-3628aec248d3/resourceGroups/dev-grp/providers/Microsoft.Network/networkSecurityGroups/network-nsg",
            "location": "northeurope",
            "name": "network-nsg",
            "resource_group_name": "dev-grp",
            "security_rule": [
              {
                "access": "Allow",
                "description": "",
                "destination_address_prefix": "*",
                "destination_address_prefixes": [],
                "destination_application_security_group_ids": [],
                "destination_port_range": "22",
                "destination_port_ranges": [],
                "direction": "Inbound",
                "name": "Allow-22",
                "priority": 300,
                "protocol": "Tcp",
                "source_address_prefix": "*",
                "source_address_prefixes": [],
                "source_application_security_group_ids": [],
                "source_port_range": "*",
                "source_port_ranges": []
              },
              {
                "access": "Allow",
                "description": "",
                "destination_address_prefix": "*",
                "destination_address_prefixes": [],
                "destination_application_security_group_ids": [],
                "destination_port_range": "80",
                "destination_port_ranges": [],
                "direction": "Inbound",
                "name": "Allow-80",
                "priority": 310,
                "protocol": "Tcp",
                "source_address_prefix": "*",
                "source_address_prefixes": [],
                "source_application_security_group_ids": [],
                "source_port_range": "*",
                "source_port_ranges": []
              }
            ],
            "tags": null,
            "timeouts": null
          },
          "sensitive_attributes": [],
          "identity_schema_version": 0,
          "identity": {
            "name": "network-nsg",
            "resource_group_name": "dev-grp",
            "subscription_id": "152083b0-ecca-4607-aaca-3628aec248d3"
          },
          "private": "eyJlMmJmYjczMC1lY2FhLTExZTYtOGY4OC0zNDM2M2JjN2M0YzAiOnsiY3JlYXRlIjoxODAwMDAwMDAwMDAwLCJkZWxldGUiOjE4MDAwMDAwMDAwMDAsInJlYWQiOjMwMDAwMDAwMDAwMCwidXBkYXRlIjoxODAwMDAwMDAwMDAwfX0=",
          "dependencies": [
            "module.resource-group.azurerm_resource_group.appgrp"
          ]
        }
      ]
    },
    {
      "module": "module.network",
      "mode": "managed",
      "type": "azurerm_public_ip",
      "name": "public_ipaddress",
      "provider": "provider[\"registry.terraform.io/hashicorp/azurerm\"]",
      "instances": [
        {
          "index_key": 0,
          "schema_version": 0,
          "attributes": {
            "allocation_method": "Static",
            "ddos_protection_mode": "VirtualNetworkInherited",
            "ddos_protection_plan_id": null,
            "domain_name_label": null,
            "domain_name_label_scope": null,
            "edge_zone": "",
            "fqdn": null,
            "id": "/subscriptions/152083b0-ecca-4607-aaca-3628aec248d3/resourceGroups/dev-grp/providers/Microsoft.Network/publicIPAddresses/public-ip01",
            "idle_timeout_in_minutes": 4,
            "ip_address": "168.63.64.163",
            "ip_tags": null,
            "ip_version": "IPv4",
            "location": "northeurope",
            "name": "public-ip01",
            "public_ip_prefix_id": null,
            "resource_group_name": "dev-grp",
            "reverse_fqdn": null,
            "sku": "Standard",
            "sku_tier": "Regional",
            "tags": null,
            "timeouts": null,
            "zones": null
          },
          "sensitive_attributes": [],
          "identity_schema_version": 0,
          "private": "eyJlMmJmYjczMC1lY2FhLTExZTYtOGY4OC0zNDM2M2JjN2M0YzAiOnsiY3JlYXRlIjoxODAwMDAwMDAwMDAwLCJkZWxldGUiOjE4MDAwMDAwMDAwMDAsInJlYWQiOjMwMDAwMDAwMDAwMCwidXBkYXRlIjoxODAwMDAwMDAwMDAwfX0=",
          "dependencies": [
            "module.resource-group.azurerm_resource_group.appgrp"
          ]
        }
      ]
    },
    {
      "module": "module.network",
      "mode": "managed",
      "type": "azurerm_subnet",
      "name": "network_subnets",
      "provider": "provider[\"registry.terraform.io/hashicorp/azurerm\"]",
      "instances": [
        {
          "index_key": 0,
          "schema_version": 0,
          "attributes": {
            "address_prefixes": [
              "10.0.0.0/24"
            ],
            "default_outbound_access_enabled": true,
            "delegation": [],
            "id": "/subscriptions/152083b0-ecca-4607-aaca-3628aec248d3/resourceGroups/dev-grp/providers/Microsoft.Network/virtualNetworks/dev-network/subnets/subnet0",
            "ip_address_pool": [],
            "name": "subnet0",
            "private_endpoint_network_policies": "Disabled",
            "private_link_service_network_policies_enabled": true,
            "resource_group_name": "dev-grp",
            "service_endpoint_policy_ids": null,
            "service_endpoints": null,
            "sharing_scope": "",
            "timeouts": null,
            "virtual_network_name": "dev-network"
          },
          "sensitive_attributes": [],
          "identity_schema_version": 0,
          "identity": {
            "name": "subnet0",
            "resource_group_name": "dev-grp",
            "subscription_id": "152083b0-ecca-4607-aaca-3628aec248d3",
            "virtual_network_name": "dev-network"
          },
          "private": "eyJlMmJmYjczMC1lY2FhLTExZTYtOGY4OC0zNDM2M2JjN2M0YzAiOnsiY3JlYXRlIjoxODAwMDAwMDAwMDAwLCJkZWxldGUiOjE4MDAwMDAwMDAwMDAsInJlYWQiOjMwMDAwMDAwMDAwMCwidXBkYXRlIjoxODAwMDAwMDAwMDAwfX0=",
          "dependencies": [
            "module.network.azurerm_virtual_network.virtual_network",
            "module.resource-group.azurerm_resource_group.appgrp"
          ]
        }
      ]
    },
    {
      "module": "module.network",
      "mode": "managed",
      "type": "azurerm_subnet_network_security_group_association",
      "name": "subnet_nsg",
      "provider": "provider[\"registry.terraform.io/hashicorp/azurerm\"]",
      "instances": [
        {
          "index_key": 0,
          "schema_version": 0,
          "attributes": {
            "id": "/subscriptions/152083b0-ecca-4607-aaca-3628aec248d3/resourceGroups/dev-grp/providers/Microsoft.Network/virtualNetworks/dev-network/subnets/subnet0",
            "network_security_group_id": "/subscriptions/152083b0-ecca-4607-aaca-3628aec248d3/resourceGroups/dev-grp/providers/Microsoft.Network/networkSecurityGroups/network-nsg",
            "subnet_id": "/subscriptions/152083b0-ecca-4607-aaca-3628aec248d3/resourceGroups/dev-grp/providers/Microsoft.Network/virtualNetworks/dev-network/subnets/subnet0",
            "timeouts": null
          },
          "sensitive_attributes": [],
          "identity_schema_version": 0,
          "private": "eyJlMmJmYjczMC1lY2FhLTExZTYtOGY4OC0zNDM2M2JjN2M0YzAiOnsiY3JlYXRlIjoxODAwMDAwMDAwMDAwLCJkZWxldGUiOjE4MDAwMDAwMDAwMDAsInJlYWQiOjMwMDAwMDAwMDAwMH19",
          "dependencies": [
            "module.network.azurerm_network_security_group.network_security_group",
            "module.network.azurerm_subnet.network_subnets",
            "module.network.azurerm_virtual_network.virtual_network",
            "module.resource-group.azurerm_resource_group.appgrp"
          ]
        }
      ]
    },
    {
      "module": "module.network",
      "mode": "managed",
      "type": "azurerm_virtual_network",
      "name": "virtual_network",
      "provider": "provider[\"registry.terraform.io/hashicorp/azurerm\"]",
      "instances": [
        {
          "schema_version": 0,
          "attributes": {
            "address_space": [
              "10.0.0.0/16"
            ],
            "bgp_community": "",
            "ddos_protection_plan": [],
            "dns_servers": [],
            "edge_zone": "",
            "encryption": [],
            "flow_timeout_in_minutes": 0,
            "guid": "7ae610ae-b408-4659-822a-70d8e59deebf",
            "id": "/subscriptions/152083b0-ecca-4607-aaca-3628aec248d3/resourceGroups/dev-grp/providers/Microsoft.Network/virtualNetworks/dev-network",
            "ip_address_pool": [],
            "location": "northeurope",
            "name": "dev-network",
            "private_endpoint_vnet_policies": "Disabled",
            "resource_group_name": "dev-grp",
            "subnet": [],
            "tags": null,
            "timeouts": null
          },
          "sensitive_attributes": [],
          "identity_schema_version": 0,
          "identity": {
            "name": "dev-network",
            "resource_group_name": "dev-grp",
            "subscription_id": "152083b0-ecca-4607-aaca-3628aec248d3"
          },
          "private": "eyJlMmJmYjczMC1lY2FhLTExZTYtOGY4OC0zNDM2M2JjN2M0YzAiOnsiY3JlYXRlIjoxODAwMDAwMDAwMDAwLCJkZWxldGUiOjE4MDAwMDAwMDAwMDAsInJlYWQiOjMwMDAwMDAwMDAwMCwidXBkYXRlIjoxODAwMDAwMDAwMDAwfX0=",
          "dependencies": [
            "module.resource-group.azurerm_resource_group.appgrp"
          ]
        }
      ]
    },
    {
      "module": "module.resource-group",
      "mode": "managed",
      "type": "azurerm_resource_group",
      "name": "appgrp",
      "provider": "provider[\"registry.terraform.io/hashicorp/azurerm\"]",
      "instances": [
        {
          "schema_version": 0,
          "attributes": {
            "id": "/subscriptions/152083b0-ecca-4607-aaca-3628aec248d3/resourceGroups/dev-grp",
            "location": "northeurope",
            "managed_by": "",
            "name": "dev-grp",
            "tags": null,
            "timeouts": null
          },
          "sensitive_attributes": [],
          "identity_schema_version": 0,
          "identity": {
            "name": "dev-grp",
            "subscription_id": "152083b0-ecca-4607-aaca-3628aec248d3"
          },
          "private": "eyJlMmJmYjczMC1lY2FhLTExZTYtOGY4OC0zNDM2M2JjN2M0YzAiOnsiY3JlYXRlIjo1NDAwMDAwMDAwMDAwLCJkZWxldGUiOjU0MDAwMDAwMDAwMDAsInJlYWQiOjMwMDAwMDAwMDAwMCwidXBkYXRlIjo1NDAwMDAwMDAwMDAwfX0="
        }
      ]
    }
  ],
  "check_results": null
}
